
Microsoft Visual Studio Solution File, Format Version 12.00
# Visual Studio Version 16
VisualStudioVersion = 16.0.31112.23
MinimumVisualStudioVersion = 10.0.40219.1
Project("{9A19103F-16F7-4668-BE54-9A1E7A4F7556}") = "PullThroughDoc", "PullThroughDoc\PullThroughDoc\PullThroughDoc.csproj", "{5EFB85EF-6407-4F22-8884-B914E494F648}"
EndProject
Project("{9A19103F-16F7-4668-BE54-9A1E7A4F7556}") = "PullThroughDoc.Test", "PullThroughDoc\PullThroughDoc.Test\PullThroughDoc.Test.csproj", "{D26CB3C7-4BD7-43C7-B576-CC4F83C265DC}"
EndProject
Project("{FAE04EC0-301F-11D3-BF4B-00C04F79EFBC}") = "PullThroughDoc.Vsix", "PullThroughDoc\PullThroughDoc.Vsix\PullThroughDoc.Vsix.csproj", "{8955632C-49A5-4847-AA0B-EB89738700CE}"
EndProject
Global
	GlobalSection(SolutionConfigurationPlatforms) = preSolution
		Debug|Any CPU = Debug|Any CPU
		Release|Any CPU = Release|Any CPU
	EndGlobalSection
	GlobalSection(ProjectConfigurationPlatforms) = postSolution
		{5EFB85EF-6407-4F22-8884-B914E494F648}.Debug|Any CPU.ActiveCfg = Debug|Any CPU
		{5EFB85EF-6407-4F22-8884-B914E494F648}.Debug|Any CPU.Build.0 = Debug|Any CPU
		{5EFB85EF-6407-4F22-8884-B914E494F648}.Release|Any CPU.ActiveCfg = Release|Any CPU
		{5EFB85EF-6407-4F22-8884-B914E494F648}.Release|Any CPU.Build.0 = Release|Any CPU
		{D26CB3C7-4BD7-43C7-B576-CC4F83C265DC}.Debug|Any CPU.ActiveCfg = Debug|Any CPU
		{D26CB3C7-4BD7-43C7-B576-CC4F83C265DC}.Debug|Any CPU.Build.0 = Debug|Any CPU
		{D26CB3C7-4BD7-43C7-B576-CC4F83C265DC}.Release|Any CPU.ActiveCfg = Release|Any CPU
		{D26CB3C7-4BD7-43C7-B576-CC4F83C265DC}.Release|Any CPU.Build.0 = Release|Any CPU
		{8955632C-49A5-4847-AA0B-EB89738700CE}.Debug|Any CPU.ActiveCfg = Debug|Any CPU
		{8955632C-49A5-4847-AA0B-EB89738700CE}.Debug|Any CPU.Build.0 = Debug|Any CPU
		{8955632C-49A5-4847-AA0B-EB89738700CE}.Release|Any CPU.ActiveCfg = Release|Any CPU
		{8955632C-49A5-4847-AA0B-EB89738700CE}.Release|Any CPU.Build.0 = Release|Any CPU
	EndGlobalSection
	GlobalSection(SolutionProperties) = preSolution
		HideSolutionNode = FALSE
	EndGlobalSection
	GlobalSection(ExtensibilityGlobals) = postSolution
		SolutionGuid = {CEE4C69F-8A1F-4E23-9933-0733075143C3}
	EndGlobalSection
EndGlobal
